github.com/google/go-cmp v0.5.6/go.mod h1:v8dTdLbMG2kIc/vJvl+f65V22dbkXbowE6jgT/gNBxE=
github.com/tanyav2/bigboss v0.3.0 h1:04ABwtFl1X2b5xN8sCDOAk5VDWNRBq5c2TAxx9mNYK8=
github.com/tanyav2/bigboss v0.3.0/go.mod h1:d5XqCMu/47obM3NesJEV01YrBTVpLW7yVvAswqIZpGA=
github.com/tanyav2/bigboss v0.4.0 h1:rbRwZb7UMeFceYVaQKTOfdvVRHc2PhnId2+G/VZKhm8=
github.com/tanyav2/bigboss v0.4.0/go.mod h1:d5XqCMu/47obM3NesJEV01YrBTVpLW7yVvAswqIZpGA=
golang.org/x/xerrors v0.0.0-20191204190536-9bdfabe68543/go.mod h1:I/5z698sn9Ka8TeJc9MKroUUfqBBauWjQqLJ2OPfmY0=
